
Microsoft Visual Studio Solution File, Format Version 12.00
# Visual Studio Version 17
VisualStudioVersion = 17.0.31903.59
MinimumVisualStudioVersion = 10.0.40219.1
Project("{FAE04EC0-301F-11D3-BF4B-00C04F79EFBC}") = "CountCharacters", "CountCharacters\CountCharacters.csproj", "{130AF238-4A12-4FBF-B47D-C101AFFE2E4D}"
EndProject
Project("{FAE04EC0-301F-11D3-BF4B-00C04F79EFBC}") = "ConsecutiveString", "ConsecutiveString\ConsecutiveString.csproj", "{44C38A0E-7F5D-412D-9B24-4FE6FA5761B4}"
EndProject
Project("{FAE04EC0-301F-11D3-BF4B-00C04F79EFBC}") = "ArrayPlusOne", "ArrayPlusOne\ArrayPlusOne.csproj", "{E5959697-1652-45A3-A5A6-915BC9D8FAED}"
EndProject
Project("{FAE04EC0-301F-11D3-BF4B-00C04F79EFBC}") = "SplitString", "SplitString\SplitString.csproj", "{BCED5A98-BA14-4357-B350-06676AAB3BC9}"
EndProject
Project("{FAE04EC0-301F-11D3-BF4B-00C04F79EFBC}") = "NoBoringZeros", "NoBoringZeros\NoBoringZeros.csproj", "{984F5C34-79D3-400C-91F4-4C93296846B7}"
EndProject
Project("{FAE04EC0-301F-11D3-BF4B-00C04F79EFBC}") = "CleanString", "CleanString\CleanString.csproj", "{6775B554-626C-4001-B4B0-270E14248D31}"
EndProject
Project("{FAE04EC0-301F-11D3-BF4B-00C04F79EFBC}") = "GoodVsEvil", "GoodVsEvil\GoodVsEvil.csproj", "{BFA4E17F-6E98-4421-B4E7-8AE42474E88A}"
EndProject
Project("{FAE04EC0-301F-11D3-BF4B-00C04F79EFBC}") = "VovelCount", "VovelCount\VovelCount.csproj", "{06BBDA19-C242-416B-BFED-288C9F9DD393}"
EndProject
Project("{FAE04EC0-301F-11D3-BF4B-00C04F79EFBC}") = "SumTheStrings", "SumTheStrings\SumTheStrings.csproj", "{D2CE4458-9E99-4247-A660-8FE9FA1BBC63}"
EndProject
Project("{FAE04EC0-301F-11D3-BF4B-00C04F79EFBC}") = "Evaporator", "Evaporator\Evaporator.csproj", "{737E2266-1E64-4A94-A554-2F6F3594FEE7}"
EndProject
Project("{FAE04EC0-301F-11D3-BF4B-00C04F79EFBC}") = "MultipleSum", "MultipleSum\MultipleSum.csproj", "{432BF2A8-12D4-4E49-B429-014AB904F688}"
EndProject
Project("{FAE04EC0-301F-11D3-BF4B-00C04F79EFBC}") = "JustifyText", "JustifyText\JustifyText.csproj", "{08A2AF52-9DB9-4F70-9059-C0F3E0881B98}"
EndProject
Global
	GlobalSection(SolutionConfigurationPlatforms) = preSolution
		Debug|Any CPU = Debug|Any CPU
		Release|Any CPU = Release|Any CPU
	EndGlobalSection
	GlobalSection(ProjectConfigurationPlatforms) = postSolution
		{130AF238-4A12-4FBF-B47D-C101AFFE2E4D}.Debug|Any CPU.ActiveCfg = Debug|Any CPU
		{130AF238-4A12-4FBF-B47D-C101AFFE2E4D}.Debug|Any CPU.Build.0 = Debug|Any CPU
		{130AF238-4A12-4FBF-B47D-C101AFFE2E4D}.Release|Any CPU.ActiveCfg = Release|Any CPU
		{130AF238-4A12-4FBF-B47D-C101AFFE2E4D}.Release|Any CPU.Build.0 = Release|Any CPU
		{44C38A0E-7F5D-412D-9B24-4FE6FA5761B4}.Debug|Any CPU.ActiveCfg = Debug|Any CPU
		{44C38A0E-7F5D-412D-9B24-4FE6FA5761B4}.Debug|Any CPU.Build.0 = Debug|Any CPU
		{44C38A0E-7F5D-412D-9B24-4FE6FA5761B4}.Release|Any CPU.ActiveCfg = Release|Any CPU
		{44C38A0E-7F5D-412D-9B24-4FE6FA5761B4}.Release|Any CPU.Build.0 = Release|Any CPU
		{E5959697-1652-45A3-A5A6-915BC9D8FAED}.Debug|Any CPU.ActiveCfg = Debug|Any CPU
		{E5959697-1652-45A3-A5A6-915BC9D8FAED}.Debug|Any CPU.Build.0 = Debug|Any CPU
		{E5959697-1652-45A3-A5A6-915BC9D8FAED}.Release|Any CPU.ActiveCfg = Release|Any CPU
		{E5959697-1652-45A3-A5A6-915BC9D8FAED}.Release|Any CPU.Build.0 = Release|Any CPU
		{BCED5A98-BA14-4357-B350-06676AAB3BC9}.Debug|Any CPU.ActiveCfg = Debug|Any CPU
		{BCED5A98-BA14-4357-B350-06676AAB3BC9}.Debug|Any CPU.Build.0 = Debug|Any CPU
		{BCED5A98-BA14-4357-B350-06676AAB3BC9}.Release|Any CPU.ActiveCfg = Release|Any CPU
		{BCED5A98-BA14-4357-B350-06676AAB3BC9}.Release|Any CPU.Build.0 = Release|Any CPU
		{984F5C34-79D3-400C-91F4-4C93296846B7}.Debug|Any CPU.ActiveCfg = Debug|Any CPU
		{984F5C34-79D3-400C-91F4-4C93296846B7}.Debug|Any CPU.Build.0 = Debug|Any CPU
		{984F5C34-79D3-400C-91F4-4C93296846B7}.Release|Any CPU.ActiveCfg = Release|Any CPU
		{984F5C34-79D3-400C-91F4-4C93296846B7}.Release|Any CPU.Build.0 = Release|Any CPU
		{6775B554-626C-4001-B4B0-270E14248D31}.Debug|Any CPU.ActiveCfg = Debug|Any CPU
		{6775B554-626C-4001-B4B0-270E14248D31}.Debug|Any CPU.Build.0 = Debug|Any CPU
		{6775B554-626C-4001-B4B0-270E14248D31}.Release|Any CPU.ActiveCfg = Release|Any CPU
		{6775B554-626C-4001-B4B0-270E14248D31}.Release|Any CPU.Build.0 = Release|Any CPU
		{BFA4E17F-6E98-4421-B4E7-8AE42474E88A}.Debug|Any CPU.ActiveCfg = Debug|Any CPU
		{BFA4E17F-6E98-4421-B4E7-8AE42474E88A}.Debug|Any CPU.Build.0 = Debug|Any CPU
		{BFA4E17F-6E98-4421-B4E7-8AE42474E88A}.Release|Any CPU.ActiveCfg = Release|Any CPU
		{BFA4E17F-6E98-4421-B4E7-8AE42474E88A}.Release|Any CPU.Build.0 = Release|Any CPU
		{06BBDA19-C242-416B-BFED-288C9F9DD393}.Debug|Any CPU.ActiveCfg = Debug|Any CPU
		{06BBDA19-C242-416B-BFED-288C9F9DD393}.Debug|Any CPU.Build.0 = Debug|Any CPU
		{06BBDA19-C242-416B-BFED-288C9F9DD393}.Release|Any CPU.ActiveCfg = Release|Any CPU
		{06BBDA19-C242-416B-BFED-288C9F9DD393}.Release|Any CPU.Build.0 = Release|Any CPU
		{D2CE4458-9E99-4247-A660-8FE9FA1BBC63}.Debug|Any CPU.ActiveCfg = Debug|Any CPU
		{D2CE4458-9E99-4247-A660-8FE9FA1BBC63}.Debug|Any CPU.Build.0 = Debug|Any CPU
		{D2CE4458-9E99-4247-A660-8FE9FA1BBC63}.Release|Any CPU.ActiveCfg = Release|Any CPU
		{D2CE4458-9E99-4247-A660-8FE9FA1BBC63}.Release|Any CPU.Build.0 = Release|Any CPU
		{737E2266-1E64-4A94-A554-2F6F3594FEE7}.Debug|Any CPU.ActiveCfg = Debug|Any CPU
		{737E2266-1E64-4A94-A554-2F6F3594FEE7}.Debug|Any CPU.Build.0 = Debug|Any CPU
		{737E2266-1E64-4A94-A554-2F6F3594FEE7}.Release|Any CPU.ActiveCfg = Release|Any CPU
		{737E2266-1E64-4A94-A554-2F6F3594FEE7}.Release|Any CPU.Build.0 = Release|Any CPU
		{432BF2A8-12D4-4E49-B429-014AB904F688}.Debug|Any CPU.ActiveCfg = Debug|Any CPU
		{432BF2A8-12D4-4E49-B429-014AB904F688}.Debug|Any CPU.Build.0 = Debug|Any CPU
		{432BF2A8-12D4-4E49-B429-014AB904F688}.Release|Any CPU.ActiveCfg = Release|Any CPU
		{432BF2A8-12D4-4E49-B429-014AB904F688}.Release|Any CPU.Build.0 = Release|Any CPU
		{08A2AF52-9DB9-4F70-9059-C0F3E0881B98}.Debug|Any CPU.ActiveCfg = Debug|Any CPU
		{08A2AF52-9DB9-4F70-9059-C0F3E0881B98}.Debug|Any CPU.Build.0 = Debug|Any CPU
		{08A2AF52-9DB9-4F70-9059-C0F3E0881B98}.Release|Any CPU.ActiveCfg = Release|Any CPU
		{08A2AF52-9DB9-4F70-9059-C0F3E0881B98}.Release|Any CPU.Build.0 = Release|Any CPU
	EndGlobalSection
	GlobalSection(SolutionProperties) = preSolution
		HideSolutionNode = FALSE
	EndGlobalSection
EndGlobal
