
Microsoft Visual Studio Solution File, Format Version 12.00
# Visual Studio Version 17
VisualStudioVersion = 17.0.31903.59
MinimumVisualStudioVersion = 10.0.40219.1
Project("{FAE04EC0-301F-11D3-BF4B-00C04F79EFBC}") = "CountCharacters", "CountCharacters\CountCharacters.csproj", "{130AF238-4A12-4FBF-B47D-C101AFFE2E4D}"
EndProject
Project("{FAE04EC0-301F-11D3-BF4B-00C04F79EFBC}") = "ConsecutiveString", "ConsecutiveString\ConsecutiveString.csproj", "{44C38A0E-7F5D-412D-9B24-4FE6FA5761B4}"
EndProject
Project("{FAE04EC0-301F-11D3-BF4B-00C04F79EFBC}") = "ArrayPlusOne", "ArrayPlusOne\ArrayPlusOne.csproj", "{E5959697-1652-45A3-A5A6-915BC9D8FAED}"
EndProject
Project("{FAE04EC0-301F-11D3-BF4B-00C04F79EFBC}") = "SplitString", "SplitString\SplitString.csproj", "{BCED5A98-BA14-4357-B350-06676AAB3BC9}"
EndProject
Project("{FAE04EC0-301F-11D3-BF4B-00C04F79EFBC}") = "NoBoringZeros", "NoBoringZeros\NoBoringZeros.csproj", "{984F5C34-79D3-400C-91F4-4C93296846B7}"
EndProject
Global
	GlobalSection(SolutionConfigurationPlatforms) = preSolution
		Debug|Any CPU = Debug|Any CPU
		Release|Any CPU = Release|Any CPU
	EndGlobalSection
	GlobalSection(ProjectConfigurationPlatforms) = postSolution
		{130AF238-4A12-4FBF-B47D-C101AFFE2E4D}.Debug|Any CPU.ActiveCfg = Debug|Any CPU
		{130AF238-4A12-4FBF-B47D-C101AFFE2E4D}.Debug|Any CPU.Build.0 = Debug|Any CPU
		{130AF238-4A12-4FBF-B47D-C101AFFE2E4D}.Release|Any CPU.ActiveCfg = Release|Any CPU
		{130AF238-4A12-4FBF-B47D-C101AFFE2E4D}.Release|Any CPU.Build.0 = Release|Any CPU
		{44C38A0E-7F5D-412D-9B24-4FE6FA5761B4}.Debug|Any CPU.ActiveCfg = Debug|Any CPU
		{44C38A0E-7F5D-412D-9B24-4FE6FA5761B4}.Debug|Any CPU.Build.0 = Debug|Any CPU
		{44C38A0E-7F5D-412D-9B24-4FE6FA5761B4}.Release|Any CPU.ActiveCfg = Release|Any CPU
		{44C38A0E-7F5D-412D-9B24-4FE6FA5761B4}.Release|Any CPU.Build.0 = Release|Any CPU
		{E5959697-1652-45A3-A5A6-915BC9D8FAED}.Debug|Any CPU.ActiveCfg = Debug|Any CPU
		{E5959697-1652-45A3-A5A6-915BC9D8FAED}.Debug|Any CPU.Build.0 = Debug|Any CPU
		{E5959697-1652-45A3-A5A6-915BC9D8FAED}.Release|Any CPU.ActiveCfg = Release|Any CPU
		{E5959697-1652-45A3-A5A6-915BC9D8FAED}.Release|Any CPU.Build.0 = Release|Any CPU
		{BCED5A98-BA14-4357-B350-06676AAB3BC9}.Debug|Any CPU.ActiveCfg = Debug|Any CPU
		{BCED5A98-BA14-4357-B350-06676AAB3BC9}.Debug|Any CPU.Build.0 = Debug|Any CPU
		{BCED5A98-BA14-4357-B350-06676AAB3BC9}.Release|Any CPU.ActiveCfg = Release|Any CPU
		{BCED5A98-BA14-4357-B350-06676AAB3BC9}.Release|Any CPU.Build.0 = Release|Any CPU
		{984F5C34-79D3-400C-91F4-4C93296846B7}.Debug|Any CPU.ActiveCfg = Debug|Any CPU
		{984F5C34-79D3-400C-91F4-4C93296846B7}.Debug|Any CPU.Build.0 = Debug|Any CPU
		{984F5C34-79D3-400C-91F4-4C93296846B7}.Release|Any CPU.ActiveCfg = Release|Any CPU
		{984F5C34-79D3-400C-91F4-4C93296846B7}.Release|Any CPU.Build.0 = Release|Any CPU
	EndGlobalSection
	GlobalSection(SolutionProperties) = preSolution
		HideSolutionNode = FALSE
	EndGlobalSection
EndGlobal
